
Microsoft Visual Studio Solution File, Format Version 12.00
# Visual Studio 15
VisualStudioVersion = 15.0.27004.2002
MinimumVisualStudioVersion = 10.0.40219.1
Project("{FAE04EC0-301F-11D3-BF4B-00C04F79EFBC}") = "MongoLog", "MongoLog\MongoLog.csproj", "{9CDBCC7E-E640-408F-BC91-B58E3331BA63}"
EndProject
Project("{FAE04EC0-301F-11D3-BF4B-00C04F79EFBC}") = "MongoLog.Tests", "MongoLog.Tests\MongoLog.Tests.csproj", "{B7D8F55D-B81A-4359-A26C-9384A73EED95}"
EndProject
Global
	GlobalSection(SolutionConfigurationPlatforms) = preSolution
		Debug|Any CPU = Debug|Any CPU
		Release|Any CPU = Release|Any CPU
	EndGlobalSection
	GlobalSection(ProjectConfigurationPlatforms) = postSolution
		{9CDBCC7E-E640-408F-BC91-B58E3331BA63}.Debug|Any CPU.ActiveCfg = Debug|Any CPU
		{9CDBCC7E-E640-408F-BC91-B58E3331BA63}.Debug|Any CPU.Build.0 = Debug|Any CPU
		{9CDBCC7E-E640-408F-BC91-B58E3331BA63}.Release|Any CPU.ActiveCfg = Release|Any CPU
		{9CDBCC7E-E640-408F-BC91-B58E3331BA63}.Release|Any CPU.Build.0 = Release|Any CPU
		{B7D8F55D-B81A-4359-A26C-9384A73EED95}.Debug|Any CPU.ActiveCfg = Debug|Any CPU
		{B7D8F55D-B81A-4359-A26C-9384A73EED95}.Debug|Any CPU.Build.0 = Debug|Any CPU
		{B7D8F55D-B81A-4359-A26C-9384A73EED95}.Release|Any CPU.ActiveCfg = Release|Any CPU
		{B7D8F55D-B81A-4359-A26C-9384A73EED95}.Release|Any CPU.Build.0 = Release|Any CPU
	EndGlobalSection
	GlobalSection(SolutionProperties) = preSolution
		HideSolutionNode = FALSE
	EndGlobalSection
	GlobalSection(ExtensibilityGlobals) = postSolution
		SolutionGuid = {89C71152-E1FD-4B49-AA95-EE6C8D971E81}
	EndGlobalSection
EndGlobal
